
Microsoft Visual Studio Solution File, Format Version 12.00
# Visual Studio Version 17
VisualStudioVersion = 17.6.33815.320
MinimumVisualStudioVersion = 10.0.40219.1
Project("{FAE04EC0-301F-11D3-BF4B-00C04F79EFBC}") = "BLL", "BLL\BLL.csproj", "{270E665B-70C5-4D89-B13E-5ED78E9B07BD}"
EndProject
Project("{FAE04EC0-301F-11D3-BF4B-00C04F79EFBC}") = "WinUI", "WinUI\WinUI.csproj", "{35B0EAF6-1FB3-422A-B721-CDE7FA8A7239}"
EndProject
Global
	GlobalSection(SolutionConfigurationPlatforms) = preSolution
		Debug|Any CPU = Debug|Any CPU
		Release|Any CPU = Release|Any CPU
	EndGlobalSection
	GlobalSection(ProjectConfigurationPlatforms) = postSolution
		{270E665B-70C5-4D89-B13E-5ED78E9B07BD}.Debug|Any CPU.ActiveCfg = Debug|Any CPU
		{270E665B-70C5-4D89-B13E-5ED78E9B07BD}.Debug|Any CPU.Build.0 = Debug|Any CPU
		{270E665B-70C5-4D89-B13E-5ED78E9B07BD}.Release|Any CPU.ActiveCfg = Release|Any CPU
		{270E665B-70C5-4D89-B13E-5ED78E9B07BD}.Release|Any CPU.Build.0 = Release|Any CPU
		{35B0EAF6-1FB3-422A-B721-CDE7FA8A7239}.Debug|Any CPU.ActiveCfg = Debug|Any CPU
		{35B0EAF6-1FB3-422A-B721-CDE7FA8A7239}.Debug|Any CPU.Build.0 = Debug|Any CPU
		{35B0EAF6-1FB3-422A-B721-CDE7FA8A7239}.Release|Any CPU.ActiveCfg = Release|Any CPU
		{35B0EAF6-1FB3-422A-B721-CDE7FA8A7239}.Release|Any CPU.Build.0 = Release|Any CPU
	EndGlobalSection
	GlobalSection(SolutionProperties) = preSolution
		HideSolutionNode = FALSE
	EndGlobalSection
	GlobalSection(ExtensibilityGlobals) = postSolution
		SolutionGuid = {8F5FBEC9-63A3-45BF-B939-E29C89D6A48C}
	EndGlobalSection
EndGlobal
